// !$*UTF8*$!
{
	archiveVersion = 1;
	classes = {
	};
	objectVersion = 56;
	objects = {

/* Begin PBXBuildFile section */
		A145F0912AF8267B008100CD /* BudgetView.swift in Sources */ = {isa = PBXBuildFile; fileRef = A145F0902AF8267B008100CD /* BudgetView.swift */; };
		A145F0932AF82750008100CD /* FloatingTabBarView.swift in Sources */ = {isa = PBXBuildFile; fileRef = A145F0922AF82750008100CD /* FloatingTabBarView.swift */; };
		A1ED90D02AF5B02D001A40D3 /* SafeAreaInsetsKey.swift in Sources */ = {isa = PBXBuildFile; fileRef = A1ED90CF2AF5B02D001A40D3 /* SafeAreaInsetsKey.swift */; };
		A1ED90D22AF6223D001A40D3 /* BookTabView.swift in Sources */ = {isa = PBXBuildFile; fileRef = A1ED90D12AF6223D001A40D3 /* BookTabView.swift */; };
		A1ED90D42AF62269001A40D3 /* MovieTrackingPath.swift in Sources */ = {isa = PBXBuildFile; fileRef = A1ED90D32AF62269001A40D3 /* MovieTrackingPath.swift */; };
		A1ED90D72AF622B1001A40D3 /* DummyBookView.swift in Sources */ = {isa = PBXBuildFile; fileRef = A1ED90D62AF622B1001A40D3 /* DummyBookView.swift */; };
		A1ED90D92AF622FA001A40D3 /* DummyBookCaruselView.swift in Sources */ = {isa = PBXBuildFile; fileRef = A1ED90D82AF622FA001A40D3 /* DummyBookCaruselView.swift */; };
		A1ED90DC2AF62347001A40D3 /* BookModel.swift in Sources */ = {isa = PBXBuildFile; fileRef = A1ED90DB2AF62347001A40D3 /* BookModel.swift */; };
		A1ED90DF2AF62A90001A40D3 /* BookDetailView.swift in Sources */ = {isa = PBXBuildFile; fileRef = A1ED90DE2AF62A90001A40D3 /* BookDetailView.swift */; };
		A1ED90E12AF63521001A40D3 /* UserProfileTabView.swift in Sources */ = {isa = PBXBuildFile; fileRef = A1ED90E02AF63521001A40D3 /* UserProfileTabView.swift */; };
		A1ED90E32AF636A5001A40D3 /* UserModel.swift in Sources */ = {isa = PBXBuildFile; fileRef = A1ED90E22AF636A5001A40D3 /* UserModel.swift */; };
		A1ED90E82AF6A066001A40D3 /* BudgetMainView.swift in Sources */ = {isa = PBXBuildFile; fileRef = A1ED90E72AF6A066001A40D3 /* BudgetMainView.swift */; };
		A1F5116E2AF5835A00CC9C93 /* UITestBuildApp.swift in Sources */ = {isa = PBXBuildFile; fileRef = A1F5116D2AF5835A00CC9C93 /* UITestBuildApp.swift */; };
		A1F511722AF5835B00CC9C93 /* Assets.xcassets in Resources */ = {isa = PBXBuildFile; fileRef = A1F511712AF5835B00CC9C93 /* Assets.xcassets */; };
		A1F511762AF5835B00CC9C93 /* Preview Assets.xcassets in Resources */ = {isa = PBXBuildFile; fileRef = A1F511752AF5835B00CC9C93 /* Preview Assets.xcassets */; };
		A1F5117E2AF59D7700CC9C93 /* BookTrackingMainView.swift in Sources */ = {isa = PBXBuildFile; fileRef = A1F5117D2AF59D7700CC9C93 /* BookTrackingMainView.swift */; };
		A1F511802AF59FF400CC9C93 /* Colors.xcassets in Resources */ = {isa = PBXBuildFile; fileRef = A1F5117F2AF59FF400CC9C93 /* Colors.xcassets */; };
/* End PBXBuildFile section */

/* Begin PBXFileReference section */
		A145F0902AF8267B008100CD /* BudgetView.swift */ = {isa = PBXFileReference; lastKnownFileType = sourcecode.swift; path = BudgetView.swift; sourceTree = "<group>"; };
		A145F0922AF82750008100CD /* FloatingTabBarView.swift */ = {isa = PBXFileReference; lastKnownFileType = sourcecode.swift; path = FloatingTabBarView.swift; sourceTree = "<group>"; };
		A1ED90CF2AF5B02D001A40D3 /* SafeAreaInsetsKey.swift */ = {isa = PBXFileReference; lastKnownFileType = sourcecode.swift; path = SafeAreaInsetsKey.swift; sourceTree = "<group>"; };
		A1ED90D12AF6223D001A40D3 /* BookTabView.swift */ = {isa = PBXFileReference; lastKnownFileType = sourcecode.swift; path = BookTabView.swift; sourceTree = "<group>"; };
		A1ED90D32AF62269001A40D3 /* MovieTrackingPath.swift */ = {isa = PBXFileReference; lastKnownFileType = sourcecode.swift; path = MovieTrackingPath.swift; sourceTree = "<group>"; };
		A1ED90D62AF622B1001A40D3 /* DummyBookView.swift */ = {isa = PBXFileReference; lastKnownFileType = sourcecode.swift; path = DummyBookView.swift; sourceTree = "<group>"; };
		A1ED90D82AF622FA001A40D3 /* DummyBookCaruselView.swift */ = {isa = PBXFileReference; lastKnownFileType = sourcecode.swift; path = DummyBookCaruselView.swift; sourceTree = "<group>"; };
		A1ED90DB2AF62347001A40D3 /* BookModel.swift */ = {isa = PBXFileReference; lastKnownFileType = sourcecode.swift; path = BookModel.swift; sourceTree = "<group>"; };
		A1ED90DE2AF62A90001A40D3 /* BookDetailView.swift */ = {isa = PBXFileReference; lastKnownFileType = sourcecode.swift; path = BookDetailView.swift; sourceTree = "<group>"; };
		A1ED90E02AF63521001A40D3 /* UserProfileTabView.swift */ = {isa = PBXFileReference; lastKnownFileType = sourcecode.swift; path = UserProfileTabView.swift; sourceTree = "<group>"; };
		A1ED90E22AF636A5001A40D3 /* UserModel.swift */ = {isa = PBXFileReference; lastKnownFileType = sourcecode.swift; path = UserModel.swift; sourceTree = "<group>"; };
		A1ED90E72AF6A066001A40D3 /* BudgetMainView.swift */ = {isa = PBXFileReference; lastKnownFileType = sourcecode.swift; path = BudgetMainView.swift; sourceTree = "<group>"; };
		A1F5116A2AF5835A00CC9C93 /* UITestBuild.app */ = {isa = PBXFileReference; explicitFileType = wrapper.application; includeInIndex = 0; path = UITestBuild.app; sourceTree = BUILT_PRODUCTS_DIR; };
		A1F5116D2AF5835A00CC9C93 /* UITestBuildApp.swift */ = {isa = PBXFileReference; lastKnownFileType = sourcecode.swift; path = UITestBuildApp.swift; sourceTree = "<group>"; };
		A1F511712AF5835B00CC9C93 /* Assets.xcassets */ = {isa = PBXFileReference; lastKnownFileType = folder.assetcatalog; path = Assets.xcassets; sourceTree = "<group>"; };
		A1F511732AF5835B00CC9C93 /* UITestBuild.entitlements */ = {isa = PBXFileReference; lastKnownFileType = text.plist.entitlements; path = UITestBuild.entitlements; sourceTree = "<group>"; };
		A1F511752AF5835B00CC9C93 /* Preview Assets.xcassets */ = {isa = PBXFileReference; lastKnownFileType = folder.assetcatalog; path = "Preview Assets.xcassets"; sourceTree = "<group>"; };
		A1F5117D2AF59D7700CC9C93 /* BookTrackingMainView.swift */ = {isa = PBXFileReference; lastKnownFileType = sourcecode.swift; path = BookTrackingMainView.swift; sourceTree = "<group>"; };
		A1F5117F2AF59FF400CC9C93 /* Colors.xcassets */ = {isa = PBXFileReference; lastKnownFileType = folder.assetcatalog; path = Colors.xcassets; sourceTree = "<group>"; };
/* End PBXFileReference section */

/* Begin PBXFrameworksBuildPhase section */
		A1F511672AF5835A00CC9C93 /* Frameworks */ = {
			isa = PBXFrameworksBuildPhase;
			buildActionMask = 2147483647;
			files = (
			);
			runOnlyForDeploymentPostprocessing = 0;
		};
/* End PBXFrameworksBuildPhase section */

/* Begin PBXGroup section */
		A145F08F2AF811B5008100CD /* Screens */ = {
			isa = PBXGroup;
			children = (
				A145F0902AF8267B008100CD /* BudgetView.swift */,
				A145F0922AF82750008100CD /* FloatingTabBarView.swift */,
			);
			path = Screens;
			sourceTree = "<group>";
		};
		A1ED90D52AF622A0001A40D3 /* Elements */ = {
			isa = PBXGroup;
			children = (
				A1ED90D62AF622B1001A40D3 /* DummyBookView.swift */,
				A1ED90D82AF622FA001A40D3 /* DummyBookCaruselView.swift */,
			);
			path = Elements;
			sourceTree = "<group>";
		};
		A1ED90DA2AF6233D001A40D3 /* Model */ = {
			isa = PBXGroup;
			children = (
				A1ED90DB2AF62347001A40D3 /* BookModel.swift */,
				A1ED90E22AF636A5001A40D3 /* UserModel.swift */,
			);
			path = Model;
			sourceTree = "<group>";
		};
		A1ED90DD2AF62A68001A40D3 /* Path */ = {
			isa = PBXGroup;
			children = (
				A1ED90D32AF62269001A40D3 /* MovieTrackingPath.swift */,
			);
			path = Path;
			sourceTree = "<group>";
		};
		A1ED90E42AF69ECB001A40D3 /* Screens */ = {
			isa = PBXGroup;
			children = (
				A1ED90D12AF6223D001A40D3 /* BookTabView.swift */,
				A1ED90DE2AF62A90001A40D3 /* BookDetailView.swift */,
				A1ED90E02AF63521001A40D3 /* UserProfileTabView.swift */,
			);
			path = Screens;
			sourceTree = "<group>";
		};
		A1ED90E52AF69F36001A40D3 /* Budget */ = {
			isa = PBXGroup;
			children = (
				A145F08F2AF811B5008100CD /* Screens */,
				A1ED90E72AF6A066001A40D3 /* BudgetMainView.swift */,
			);
			path = Budget;
			sourceTree = "<group>";
		};
		A1ED90E62AF69F41001A40D3 /* Helper */ = {
			isa = PBXGroup;
			children = (
				A1ED90CF2AF5B02D001A40D3 /* SafeAreaInsetsKey.swift */,
			);
			path = Helper;
			sourceTree = "<group>";
		};
		A1F511612AF5835A00CC9C93 = {
			isa = PBXGroup;
			children = (
				A1F5116C2AF5835A00CC9C93 /* UITestBuild */,
				A1F5116B2AF5835A00CC9C93 /* Products */,
			);
			sourceTree = "<group>";
		};
		A1F5116B2AF5835A00CC9C93 /* Products */ = {
			isa = PBXGroup;
			children = (
				A1F5116A2AF5835A00CC9C93 /* UITestBuild.app */,
			);
			name = Products;
			sourceTree = "<group>";
		};
		A1F5116C2AF5835A00CC9C93 /* UITestBuild */ = {
			isa = PBXGroup;
			children = (
				A1ED90E62AF69F41001A40D3 /* Helper */,
				A1F5117C2AF583C900CC9C93 /* Book */,
				A1ED90E52AF69F36001A40D3 /* Budget */,
				A1F5116D2AF5835A00CC9C93 /* UITestBuildApp.swift */,
				A1F511712AF5835B00CC9C93 /* Assets.xcassets */,
				A1F5117F2AF59FF400CC9C93 /* Colors.xcassets */,
				A1F511732AF5835B00CC9C93 /* UITestBuild.entitlements */,
				A1F511742AF5835B00CC9C93 /* Preview Content */,
			);
			path = UITestBuild;
			sourceTree = "<group>";
		};
		A1F511742AF5835B00CC9C93 /* Preview Content */ = {
			isa = PBXGroup;
			children = (
				A1F511752AF5835B00CC9C93 /* Preview Assets.xcassets */,
			);
			path = "Preview Content";
			sourceTree = "<group>";
		};
		A1F5117C2AF583C900CC9C93 /* Book */ = {
			isa = PBXGroup;
			children = (
				A1ED90DD2AF62A68001A40D3 /* Path */,
				A1ED90DA2AF6233D001A40D3 /* Model */,
				A1ED90D52AF622A0001A40D3 /* Elements */,
				A1ED90E42AF69ECB001A40D3 /* Screens */,
				A1F5117D2AF59D7700CC9C93 /* BookTrackingMainView.swift */,
			);
			path = Book;
			sourceTree = "<group>";
		};
/* End PBXGroup section */

/* Begin PBXNativeTarget section */
		A1F511692AF5835A00CC9C93 /* UITestBuild */ = {
			isa = PBXNativeTarget;
			buildConfigurationList = A1F511792AF5835B00CC9C93 /* Build configuration list for PBXNativeTarget "UITestBuild" */;
			buildPhases = (
				A1F511662AF5835A00CC9C93 /* Sources */,
				A1F511672AF5835A00CC9C93 /* Frameworks */,
				A1F511682AF5835A00CC9C93 /* Resources */,
			);
			buildRules = (
			);
			dependencies = (
			);
			name = UITestBuild;
			productName = UITestBuild;
			productReference = A1F5116A2AF5835A00CC9C93 /* UITestBuild.app */;
			productType = "com.apple.product-type.application";
		};
/* End PBXNativeTarget section */

/* Begin PBXProject section */
		A1F511622AF5835A00CC9C93 /* Project object */ = {
			isa = PBXProject;
			attributes = {
				BuildIndependentTargetsInParallel = 1;
				LastSwiftUpdateCheck = 1500;
				LastUpgradeCheck = 1500;
				TargetAttributes = {
					A1F511692AF5835A00CC9C93 = {
						CreatedOnToolsVersion = 15.0;
					};
				};
			};
			buildConfigurationList = A1F511652AF5835A00CC9C93 /* Build configuration list for PBXProject "UITestBuild" */;
			compatibilityVersion = "Xcode 14.0";
			developmentRegion = en;
			hasScannedForEncodings = 0;
			knownRegions = (
				en,
				Base,
			);
			mainGroup = A1F511612AF5835A00CC9C93;
			productRefGroup = A1F5116B2AF5835A00CC9C93 /* Products */;
			projectDirPath = "";
			projectRoot = "";
			targets = (
				A1F511692AF5835A00CC9C93 /* UITestBuild */,
			);
		};
/* End PBXProject section */

/* Begin PBXResourcesBuildPhase section */
		A1F511682AF5835A00CC9C93 /* Resources */ = {
			isa = PBXResourcesBuildPhase;
			buildActionMask = 2147483647;
			files = (
				A1F511802AF59FF400CC9C93 /* Colors.xcassets in Resources */,
				A1F511762AF5835B00CC9C93 /* Preview Assets.xcassets in Resources */,
				A1F511722AF5835B00CC9C93 /* Assets.xcassets in Resources */,
			);
			runOnlyForDeploymentPostprocessing = 0;
		};
/* End PBXResourcesBuildPhase section */

/* Begin PBXSourcesBuildPhase section */
		A1F511662AF5835A00CC9C93 /* Sources */ = {
			isa = PBXSourcesBuildPhase;
			buildActionMask = 2147483647;
			files = (
				A145F0912AF8267B008100CD /* BudgetView.swift in Sources */,
				A1ED90DC2AF62347001A40D3 /* BookModel.swift in Sources */,
				A1ED90D72AF622B1001A40D3 /* DummyBookView.swift in Sources */,
				A1F5117E2AF59D7700CC9C93 /* BookTrackingMainView.swift in Sources */,
				A1ED90D22AF6223D001A40D3 /* BookTabView.swift in Sources */,
				A1ED90E32AF636A5001A40D3 /* UserModel.swift in Sources */,
				A1ED90D02AF5B02D001A40D3 /* SafeAreaInsetsKey.swift in Sources */,
				A1ED90D92AF622FA001A40D3 /* DummyBookCaruselView.swift in Sources */,
				A1ED90DF2AF62A90001A40D3 /* BookDetailView.swift in Sources */,
				A1ED90E12AF63521001A40D3 /* UserProfileTabView.swift in Sources */,
				A145F0932AF82750008100CD /* FloatingTabBarView.swift in Sources */,
				A1F5116E2AF5835A00CC9C93 /* UITestBuildApp.swift in Sources */,
				A1ED90E82AF6A066001A40D3 /* BudgetMainView.swift in Sources */,
				A1ED90D42AF62269001A40D3 /* MovieTrackingPath.swift in Sources */,
			);
			runOnlyForDeploymentPostprocessing = 0;
		};
/* End PBXSourcesBuildPhase section */

/* Begin XCBuildConfiguration section */
		A1F511772AF5835B00CC9C93 /* Debug */ = {
			isa = XCBuildConfiguration;
			buildSettings = {
				ALWAYS_SEARCH_USER_PATHS = NO;
				ASSETCATALOG_COMPILER_GENERATE_SWIFT_ASSET_SYMBOL_EXTENSIONS = YES;
				CLANG_ANALYZER_NONNULL = YES;
				CLANG_ANALYZER_NUMBER_OBJECT_CONVERSION = YES_AGGRESSIVE;
				CLANG_CXX_LANGUAGE_STANDARD = "gnu++20";
				CLANG_ENABLE_MODULES = YES;
				CLANG_ENABLE_OBJC_ARC = YES;
				CLANG_ENABLE_OBJC_WEAK = YES;
				CLANG_WARN_BLOCK_CAPTURE_AUTORELEASING = YES;
				CLANG_WARN_BOOL_CONVERSION = YES;
				CLANG_WARN_COMMA = YES;
				CLANG_WARN_CONSTANT_CONVERSION = YES;
				CLANG_WARN_DEPRECATED_OBJC_IMPLEMENTATIONS = YES;
				CLANG_WARN_DIRECT_OBJC_ISA_USAGE = YES_ERROR;
				CLANG_WARN_DOCUMENTATION_COMMENTS = YES;
				CLANG_WARN_EMPTY_BODY = YES;
				CLANG_WARN_ENUM_CONVERSION = YES;
				CLANG_WARN_INFINITE_RECURSION = YES;
				CLANG_WARN_INT_CONVERSION = YES;
				CLANG_WARN_NON_LITERAL_NULL_CONVERSION = YES;
				CLANG_WARN_OBJC_IMPLICIT_RETAIN_SELF = YES;
				CLANG_WARN_OBJC_LITERAL_CONVERSION = YES;
				CLANG_WARN_OBJC_ROOT_CLASS = YES_ERROR;
				CLANG_WARN_QUOTED_INCLUDE_IN_FRAMEWORK_HEADER = YES;
				CLANG_WARN_RANGE_LOOP_ANALYSIS = YES;
				CLANG_WARN_STRICT_PROTOTYPES = YES;
				CLANG_WARN_SUSPICIOUS_MOVE = YES;
				CLANG_WARN_UNGUARDED_AVAILABILITY = YES_AGGRESSIVE;
				CLANG_WARN_UNREACHABLE_CODE = YES;
				CLANG_WARN__DUPLICATE_METHOD_MATCH = YES;
				COPY_PHASE_STRIP = NO;
				DEBUG_INFORMATION_FORMAT = dwarf;
				ENABLE_STRICT_OBJC_MSGSEND = YES;
				ENABLE_TESTABILITY = YES;
				ENABLE_USER_SCRIPT_SANDBOXING = YES;
				GCC_C_LANGUAGE_STANDARD = gnu17;
				GCC_DYNAMIC_NO_PIC = NO;
				GCC_NO_COMMON_BLOCKS = YES;
				GCC_OPTIMIZATION_LEVEL = 0;
				GCC_PREPROCESSOR_DEFINITIONS = (
					"DEBUG=1",
					"$(inherited)",
				);
				GCC_WARN_64_TO_32_BIT_CONVERSION = YES;
				GCC_WARN_ABOUT_RETURN_TYPE = YES_ERROR;
				GCC_WARN_UNDECLARED_SELECTOR = YES;
				GCC_WARN_UNINITIALIZED_AUTOS = YES_AGGRESSIVE;
				GCC_WARN_UNUSED_FUNCTION = YES;
				GCC_WARN_UNUSED_VARIABLE = YES;
				LOCALIZATION_PREFERS_STRING_CATALOGS = YES;
				MTL_ENABLE_DEBUG_INFO = INCLUDE_SOURCE;
				MTL_FAST_MATH = YES;
				ONLY_ACTIVE_ARCH = YES;
				SWIFT_ACTIVE_COMPILATION_CONDITIONS = "DEBUG $(inherited)";
				SWIFT_OPTIMIZATION_LEVEL = "-Onone";
			};
			name = Debug;
		};
		A1F511782AF5835B00CC9C93 /* Release */ = {
			isa = XCBuildConfiguration;
			buildSettings = {
				ALWAYS_SEARCH_USER_PATHS = NO;
				ASSETCATALOG_COMPILER_GENERATE_SWIFT_ASSET_SYMBOL_EXTENSIONS = YES;
				CLANG_ANALYZER_NONNULL = YES;
				CLANG_ANALYZER_NUMBER_OBJECT_CONVERSION = YES_AGGRESSIVE;
				CLANG_CXX_LANGUAGE_STANDARD = "gnu++20";
				CLANG_ENABLE_MODULES = YES;
				CLANG_ENABLE_OBJC_ARC = YES;
				CLANG_ENABLE_OBJC_WEAK = YES;
				CLANG_WARN_BLOCK_CAPTURE_AUTORELEASING = YES;
				CLANG_WARN_BOOL_CONVERSION = YES;
				CLANG_WARN_COMMA = YES;
				CLANG_WARN_CONSTANT_CONVERSION = YES;
				CLANG_WARN_DEPRECATED_OBJC_IMPLEMENTATIONS = YES;
				CLANG_WARN_DIRECT_OBJC_ISA_USAGE = YES_ERROR;
				CLANG_WARN_DOCUMENTATION_COMMENTS = YES;
				CLANG_WARN_EMPTY_BODY = YES;
				CLANG_WARN_ENUM_CONVERSION = YES;
				CLANG_WARN_INFINITE_RECURSION = YES;
				CLANG_WARN_INT_CONVERSION = YES;
				CLANG_WARN_NON_LITERAL_NULL_CONVERSION = YES;
				CLANG_WARN_OBJC_IMPLICIT_RETAIN_SELF = YES;
				CLANG_WARN_OBJC_LITERAL_CONVERSION = YES;
				CLANG_WARN_OBJC_ROOT_CLASS = YES_ERROR;
				CLANG_WARN_QUOTED_INCLUDE_IN_FRAMEWORK_HEADER = YES;
				CLANG_WARN_RANGE_LOOP_ANALYSIS = YES;
				CLANG_WARN_STRICT_PROTOTYPES = YES;
				CLANG_WARN_SUSPICIOUS_MOVE = YES;
				CLANG_WARN_UNGUARDED_AVAILABILITY = YES_AGGRESSIVE;
				CLANG_WARN_UNREACHABLE_CODE = YES;
				CLANG_WARN__DUPLICATE_METHOD_MATCH = YES;
				COPY_PHASE_STRIP = NO;
				DEBUG_INFORMATION_FORMAT = "dwarf-with-dsym";
				ENABLE_NS_ASSERTIONS = NO;
				ENABLE_STRICT_OBJC_MSGSEND = YES;
				ENABLE_USER_SCRIPT_SANDBOXING = YES;
				GCC_C_LANGUAGE_STANDARD = gnu17;
				GCC_NO_COMMON_BLOCKS = YES;
				GCC_WARN_64_TO_32_BIT_CONVERSION = YES;
				GCC_WARN_ABOUT_RETURN_TYPE = YES_ERROR;
				GCC_WARN_UNDECLARED_SELECTOR = YES;
				GCC_WARN_UNINITIALIZED_AUTOS = YES_AGGRESSIVE;
				GCC_WARN_UNUSED_FUNCTION = YES;
				GCC_WARN_UNUSED_VARIABLE = YES;
				LOCALIZATION_PREFERS_STRING_CATALOGS = YES;
				MTL_ENABLE_DEBUG_INFO = NO;
				MTL_FAST_MATH = YES;
				SWIFT_COMPILATION_MODE = wholemodule;
			};
			name = Release;
		};
		A1F5117A2AF5835B00CC9C93 /* Debug */ = {
			isa = XCBuildConfiguration;
			buildSettings = {
				ASSETCATALOG_COMPILER_APPICON_NAME = AppIcon;
				ASSETCATALOG_COMPILER_GLOBAL_ACCENT_COLOR_NAME = AccentColor;
				CODE_SIGN_ENTITLEMENTS = UITestBuild/UITestBuild.entitlements;
				CODE_SIGN_STYLE = Automatic;
				CURRENT_PROJECT_VERSION = 1;
				DEVELOPMENT_ASSET_PATHS = "\"UITestBuild/Preview Content\"";
				DEVELOPMENT_TEAM = K76XQHSPRP;
				ENABLE_HARDENED_RUNTIME = YES;
				ENABLE_PREVIEWS = YES;
				GENERATE_INFOPLIST_FILE = YES;
				"INFOPLIST_KEY_UIApplicationSceneManifest_Generation[sdk=iphoneos*]" = YES;
				"INFOPLIST_KEY_UIApplicationSceneManifest_Generation[sdk=iphonesimulator*]" = YES;
				"INFOPLIST_KEY_UIApplicationSupportsIndirectInputEvents[sdk=iphoneos*]" = YES;
				"INFOPLIST_KEY_UIApplicationSupportsIndirectInputEvents[sdk=iphonesimulator*]" = YES;
				"INFOPLIST_KEY_UILaunchScreen_Generation[sdk=iphoneos*]" = YES;
				"INFOPLIST_KEY_UILaunchScreen_Generation[sdk=iphonesimulator*]" = YES;
				"INFOPLIST_KEY_UIStatusBarStyle[sdk=iphoneos*]" = UIStatusBarStyleDefault;
				"INFOPLIST_KEY_UIStatusBarStyle[sdk=iphonesimulator*]" = UIStatusBarStyleDefault;
				INFOPLIST_KEY_UISupportedInterfaceOrientations_iPad = "UIInterfaceOrientationPortrait UIInterfaceOrientationPortraitUpsideDown UIInterfaceOrientationLandscapeLeft UIInterfaceOrientationLandscapeRight";
				INFOPLIST_KEY_UISupportedInterfaceOrientations_iPhone = "UIInterfaceOrientationPortrait UIInterfaceOrientationLandscapeLeft UIInterfaceOrientationLandscapeRight";
				IPHONEOS_DEPLOYMENT_TARGET = 17.0;
				LD_RUNPATH_SEARCH_PATHS = "@executable_path/Frameworks";
				"LD_RUNPATH_SEARCH_PATHS[sdk=macosx*]" = "@executable_path/../Frameworks";
				MACOSX_DEPLOYMENT_TARGET = 13.5;
				MARKETING_VERSION = 1.0;
				PRODUCT_BUNDLE_IDENTIFIER = gerwin.lukman.UITestBuild;
				PRODUCT_NAME = "$(TARGET_NAME)";
				SDKROOT = auto;
				SUPPORTED_PLATFORMS = "iphoneos iphonesimulator macosx";
				SWIFT_EMIT_LOC_STRINGS = YES;
				SWIFT_VERSION = 5.0;
				TARGETED_DEVICE_FAMILY = "1,2";
			};
			name = Debug;
		};
		A1F5117B2AF5835B00CC9C93 /* Release */ = {
			isa = XCBuildConfiguration;
			buildSettings = {
				ASSETCATALOG_COMPILER_APPICON_NAME = AppIcon;
				ASSETCATALOG_COMPILER_GLOBAL_ACCENT_COLOR_NAME = AccentColor;
				CODE_SIGN_ENTITLEMENTS = UITestBuild/UITestBuild.entitlements;
				CODE_SIGN_STYLE = Automatic;
				CURRENT_PROJECT_VERSION = 1;
				DEVELOPMENT_ASSET_PATHS = "\"UITestBuild/Preview Content\"";
				DEVELOPMENT_TEAM = K76XQHSPRP;
				ENABLE_HARDENED_RUNTIME = YES;
				ENABLE_PREVIEWS = YES;
				GENERATE_INFOPLIST_FILE = YES;
				"INFOPLIST_KEY_UIApplicationSceneManifest_Generation[sdk=iphoneos*]" = YES;
				"INFOPLIST_KEY_UIApplicationSceneManifest_Generation[sdk=iphonesimulator*]" = YES;
				"INFOPLIST_KEY_UIApplicationSupportsIndirectInputEvents[sdk=iphoneos*]" = YES;
				"INFOPLIST_KEY_UIApplicationSupportsIndirectInputEvents[sdk=iphonesimulator*]" = YES;
				"INFOPLIST_KEY_UILaunchScreen_Generation[sdk=iphoneos*]" = YES;
				"INFOPLIST_KEY_UILaunchScreen_Generation[sdk=iphonesimulator*]" = YES;
				"INFOPLIST_KEY_UIStatusBarStyle[sdk=iphoneos*]" = UIStatusBarStyleDefault;
				"INFOPLIST_KEY_UIStatusBarStyle[sdk=iphonesimulator*]" = UIStatusBarStyleDefault;
				INFOPLIST_KEY_UISupportedInterfaceOrientations_iPad = "UIInterfaceOrientationPortrait UIInterfaceOrientationPortraitUpsideDown UIInterfaceOrientationLandscapeLeft UIInterfaceOrientationLandscapeRight";
				INFOPLIST_KEY_UISupportedInterfaceOrientations_iPhone = "UIInterfaceOrientationPortrait UIInterfaceOrientationLandscapeLeft UIInterfaceOrientationLandscapeRight";
				IPHONEOS_DEPLOYMENT_TARGET = 17.0;
				LD_RUNPATH_SEARCH_PATHS = "@executable_path/Frameworks";
				"LD_RUNPATH_SEARCH_PATHS[sdk=macosx*]" = "@executable_path/../Frameworks";
				MACOSX_DEPLOYMENT_TARGET = 13.5;
				MARKETING_VERSION = 1.0;
				PRODUCT_BUNDLE_IDENTIFIER = gerwin.lukman.UITestBuild;
				PRODUCT_NAME = "$(TARGET_NAME)";
				SDKROOT = auto;
				SUPPORTED_PLATFORMS = "iphoneos iphonesimulator macosx";
				SWIFT_EMIT_LOC_STRINGS = YES;
				SWIFT_VERSION = 5.0;
				TARGETED_DEVICE_FAMILY = "1,2";
			};
			name = Release;
		};
/* End XCBuildConfiguration section */

/* Begin XCConfigurationList section */
		A1F511652AF5835A00CC9C93 /* Build configuration list for PBXProject "UITestBuild" */ = {
			isa = XCConfigurationList;
			buildConfigurations = (
				A1F511772AF5835B00CC9C93 /* Debug */,
				A1F511782AF5835B00CC9C93 /* Release */,
			);
			defaultConfigurationIsVisible = 0;
			defaultConfigurationName = Release;
		};
		A1F511792AF5835B00CC9C93 /* Build configuration list for PBXNativeTarget "UITestBuild" */ = {
			isa = XCConfigurationList;
			buildConfigurations = (
				A1F5117A2AF5835B00CC9C93 /* Debug */,
				A1F5117B2AF5835B00CC9C93 /* Release */,
			);
			defaultConfigurationIsVisible = 0;
			defaultConfigurationName = Release;
		};
/* End XCConfigurationList section */
	};
	rootObject = A1F511622AF5835A00CC9C93 /* Project object */;
}
